{
  "name": "dosedit",
  "version": "1.0.0",
  "lockfileVersion": 1,
  "requires": true,
  "dependencies": {
    "html-webpack-template": {
      "version": "6.2.0",
      "resolved": "https://registry.npmjs.org/html-webpack-template/-/html-webpack-template-6.2.0.tgz",
      "integrity": "sha512-wyzIjbe9yXGyQ6yAeFjWmku7YOlW85w1dxqLnAQ564uRNNoBhpZVTQl7ouROoyQrfZUSoPUJiw7oWn31NDiuQQ==",
      "dev": true
    }
  }
}
